
Microsoft Visual Studio Solution File, Format Version 12.00
# Visual Studio 15
VisualStudioVersion = 15.0.25807.0
MinimumVisualStudioVersion = 10.0.40219.1
Project("{2150E333-8FDC-42A3-9474-1A3956D46DE8}") = "Engine", "Engine", "{B89D7B3D-9475-49A9-836E-E0691D491B2A}"
EndProject
Project("{2150E333-8FDC-42A3-9474-1A3956D46DE8}") = "Games", "Games", "{95C47A01-D88D-48C8-827F-C8E34982C8C2}"
EndProject
Project("{8BC9CEB8-8B4A-11D0-8D11-00A0C91BC942}") = "UE4", "Intermediate\ProjectFiles\UE4.vcxproj", "{3A261DB4-44E7-4091-97F8-017D897CD130}"
EndProject
Project("{8BC9CEB8-8B4A-11D0-8D11-00A0C91BC942}") = "CRProto", "Intermediate\ProjectFiles\CRProto.vcxproj", "{CEE450A6-E0F8-4E24-B7C2-6CA4732E5965}"
EndProject
Global
	GlobalSection(SolutionConfigurationPlatforms) = preSolution
		DebugGame Editor|HTML5 = DebugGame Editor|HTML5
		DebugGame Editor|Win32 = DebugGame Editor|Win32
		DebugGame Editor|Win64 = DebugGame Editor|Win64
		DebugGame|HTML5 = DebugGame|HTML5
		DebugGame|Win32 = DebugGame|Win32
		DebugGame|Win64 = DebugGame|Win64
		Development Editor|HTML5 = Development Editor|HTML5
		Development Editor|Win32 = Development Editor|Win32
		Development Editor|Win64 = Development Editor|Win64
		Development|HTML5 = Development|HTML5
		Development|Win32 = Development|Win32
		Development|Win64 = Development|Win64
		Shipping|HTML5 = Shipping|HTML5
		Shipping|Win32 = Shipping|Win32
		Shipping|Win64 = Shipping|Win64
	EndGlobalSection
	GlobalSection(ProjectConfigurationPlatforms) = postSolution
		{3A261DB4-44E7-4091-97F8-017D897CD130}.DebugGame Editor|HTML5.ActiveCfg = BuiltWithUnrealBuildTool|Win32
		{3A261DB4-44E7-4091-97F8-017D897CD130}.DebugGame Editor|HTML5.Build.0 = BuiltWithUnrealBuildTool|Win32
		{3A261DB4-44E7-4091-97F8-017D897CD130}.DebugGame Editor|Win32.ActiveCfg = BuiltWithUnrealBuildTool|Win32
		{3A261DB4-44E7-4091-97F8-017D897CD130}.DebugGame Editor|Win32.Build.0 = BuiltWithUnrealBuildTool|Win32
		{3A261DB4-44E7-4091-97F8-017D897CD130}.DebugGame Editor|Win64.ActiveCfg = BuiltWithUnrealBuildTool|Win32
		{3A261DB4-44E7-4091-97F8-017D897CD130}.DebugGame Editor|Win64.Build.0 = BuiltWithUnrealBuildTool|Win32
		{3A261DB4-44E7-4091-97F8-017D897CD130}.DebugGame|HTML5.ActiveCfg = BuiltWithUnrealBuildTool|Win32
		{3A261DB4-44E7-4091-97F8-017D897CD130}.DebugGame|HTML5.Build.0 = BuiltWithUnrealBuildTool|Win32
		{3A261DB4-44E7-4091-97F8-017D897CD130}.DebugGame|Win32.ActiveCfg = BuiltWithUnrealBuildTool|Win32
		{3A261DB4-44E7-4091-97F8-017D897CD130}.DebugGame|Win32.Build.0 = BuiltWithUnrealBuildTool|Win32
		{3A261DB4-44E7-4091-97F8-017D897CD130}.DebugGame|Win64.ActiveCfg = BuiltWithUnrealBuildTool|Win32
		{3A261DB4-44E7-4091-97F8-017D897CD130}.DebugGame|Win64.Build.0 = BuiltWithUnrealBuildTool|Win32
		{3A261DB4-44E7-4091-97F8-017D897CD130}.Development Editor|HTML5.ActiveCfg = BuiltWithUnrealBuildTool|Win32
		{3A261DB4-44E7-4091-97F8-017D897CD130}.Development Editor|HTML5.Build.0 = BuiltWithUnrealBuildTool|Win32
		{3A261DB4-44E7-4091-97F8-017D897CD130}.Development Editor|Win32.ActiveCfg = BuiltWithUnrealBuildTool|Win32
		{3A261DB4-44E7-4091-97F8-017D897CD130}.Development Editor|Win32.Build.0 = BuiltWithUnrealBuildTool|Win32
		{3A261DB4-44E7-4091-97F8-017D897CD130}.Development Editor|Win64.ActiveCfg = BuiltWithUnrealBuildTool|Win32
		{3A261DB4-44E7-4091-97F8-017D897CD130}.Development Editor|Win64.Build.0 = BuiltWithUnrealBuildTool|Win32
		{3A261DB4-44E7-4091-97F8-017D897CD130}.Development|HTML5.ActiveCfg = BuiltWithUnrealBuildTool|Win32
		{3A261DB4-44E7-4091-97F8-017D897CD130}.Development|HTML5.Build.0 = BuiltWithUnrealBuildTool|Win32
		{3A261DB4-44E7-4091-97F8-017D897CD130}.Development|Win32.ActiveCfg = BuiltWithUnrealBuildTool|Win32
		{3A261DB4-44E7-4091-97F8-017D897CD130}.Development|Win32.Build.0 = BuiltWithUnrealBuildTool|Win32
		{3A261DB4-44E7-4091-97F8-017D897CD130}.Development|Win64.ActiveCfg = BuiltWithUnrealBuildTool|Win32
		{3A261DB4-44E7-4091-97F8-017D897CD130}.Development|Win64.Build.0 = BuiltWithUnrealBuildTool|Win32
		{3A261DB4-44E7-4091-97F8-017D897CD130}.Shipping|HTML5.ActiveCfg = BuiltWithUnrealBuildTool|Win32
		{3A261DB4-44E7-4091-97F8-017D897CD130}.Shipping|HTML5.Build.0 = BuiltWithUnrealBuildTool|Win32
		{3A261DB4-44E7-4091-97F8-017D897CD130}.Shipping|Win32.ActiveCfg = BuiltWithUnrealBuildTool|Win32
		{3A261DB4-44E7-4091-97F8-017D897CD130}.Shipping|Win32.Build.0 = BuiltWithUnrealBuildTool|Win32
		{3A261DB4-44E7-4091-97F8-017D897CD130}.Shipping|Win64.ActiveCfg = BuiltWithUnrealBuildTool|Win32
		{3A261DB4-44E7-4091-97F8-017D897CD130}.Shipping|Win64.Build.0 = BuiltWithUnrealBuildTool|Win32
		{CEE450A6-E0F8-4E24-B7C2-6CA4732E5965}.DebugGame Editor|HTML5.ActiveCfg = HTML5_DebugGame_Editor|Win32
		{CEE450A6-E0F8-4E24-B7C2-6CA4732E5965}.DebugGame Editor|Win32.ActiveCfg = DebugGame_Editor|Win32
		{CEE450A6-E0F8-4E24-B7C2-6CA4732E5965}.DebugGame Editor|Win64.ActiveCfg = DebugGame_Editor|x64
		{CEE450A6-E0F8-4E24-B7C2-6CA4732E5965}.DebugGame Editor|Win64.Build.0 = DebugGame_Editor|x64
		{CEE450A6-E0F8-4E24-B7C2-6CA4732E5965}.DebugGame|HTML5.ActiveCfg = HTML5_DebugGame_Game|Win32
		{CEE450A6-E0F8-4E24-B7C2-6CA4732E5965}.DebugGame|HTML5.Build.0 = HTML5_DebugGame_Game|Win32
		{CEE450A6-E0F8-4E24-B7C2-6CA4732E5965}.DebugGame|Win32.ActiveCfg = DebugGame_Game|Win32
		{CEE450A6-E0F8-4E24-B7C2-6CA4732E5965}.DebugGame|Win32.Build.0 = DebugGame_Game|Win32
		{CEE450A6-E0F8-4E24-B7C2-6CA4732E5965}.DebugGame|Win64.ActiveCfg = DebugGame_Game|x64
		{CEE450A6-E0F8-4E24-B7C2-6CA4732E5965}.DebugGame|Win64.Build.0 = DebugGame_Game|x64
		{CEE450A6-E0F8-4E24-B7C2-6CA4732E5965}.Development Editor|HTML5.ActiveCfg = HTML5_Development_Editor|Win32
		{CEE450A6-E0F8-4E24-B7C2-6CA4732E5965}.Development Editor|Win32.ActiveCfg = Development_Editor|Win32
		{CEE450A6-E0F8-4E24-B7C2-6CA4732E5965}.Development Editor|Win64.ActiveCfg = Development_Editor|x64
		{CEE450A6-E0F8-4E24-B7C2-6CA4732E5965}.Development Editor|Win64.Build.0 = Development_Editor|x64
		{CEE450A6-E0F8-4E24-B7C2-6CA4732E5965}.Development|HTML5.ActiveCfg = HTML5_Development_Game|Win32
		{CEE450A6-E0F8-4E24-B7C2-6CA4732E5965}.Development|HTML5.Build.0 = HTML5_Development_Game|Win32
		{CEE450A6-E0F8-4E24-B7C2-6CA4732E5965}.Development|Win32.ActiveCfg = Development_Game|Win32
		{CEE450A6-E0F8-4E24-B7C2-6CA4732E5965}.Development|Win32.Build.0 = Development_Game|Win32
		{CEE450A6-E0F8-4E24-B7C2-6CA4732E5965}.Development|Win64.ActiveCfg = Development_Game|x64
		{CEE450A6-E0F8-4E24-B7C2-6CA4732E5965}.Development|Win64.Build.0 = Development_Game|x64
		{CEE450A6-E0F8-4E24-B7C2-6CA4732E5965}.Shipping|HTML5.ActiveCfg = HTML5_Shipping_Game|Win32
		{CEE450A6-E0F8-4E24-B7C2-6CA4732E5965}.Shipping|HTML5.Build.0 = HTML5_Shipping_Game|Win32
		{CEE450A6-E0F8-4E24-B7C2-6CA4732E5965}.Shipping|Win32.ActiveCfg = Shipping_Game|Win32
		{CEE450A6-E0F8-4E24-B7C2-6CA4732E5965}.Shipping|Win32.Build.0 = Shipping_Game|Win32
		{CEE450A6-E0F8-4E24-B7C2-6CA4732E5965}.Shipping|Win64.ActiveCfg = Shipping_Game|x64
		{CEE450A6-E0F8-4E24-B7C2-6CA4732E5965}.Shipping|Win64.Build.0 = Shipping_Game|x64
	EndGlobalSection
	GlobalSection(SolutionProperties) = preSolution
		HideSolutionNode = FALSE
	EndGlobalSection
	GlobalSection(NestedProjects) = preSolution
		{3A261DB4-44E7-4091-97F8-017D897CD130} = {B89D7B3D-9475-49A9-836E-E0691D491B2A}
		{CEE450A6-E0F8-4E24-B7C2-6CA4732E5965} = {95C47A01-D88D-48C8-827F-C8E34982C8C2}
	EndGlobalSection
	GlobalSection(ExtensibilityGlobals) = postSolution
		SolutionGuid = {75C6894E-EEBA-495D-8FDA-960031929987}
	EndGlobalSection
EndGlobal
